
Microsoft Visual Studio Solution File, Format Version 12.00
# Visual Studio Version 17
VisualStudioVersion = 17.7.34003.232
MinimumVisualStudioVersion = 10.0.40219.1
Project("{FAE04EC0-301F-11D3-BF4B-00C04F79EFBC}") = "Checkout", "Checkout\Checkout.csproj", "{6B62F4AE-A7FC-48A3-A418-4F2EC93EEA21}"
EndProject
Project("{FAE04EC0-301F-11D3-BF4B-00C04F79EFBC}") = "Tests", "Tests\Tests.csproj", "{C5F99E9E-7678-4AFD-AA1D-CBF8BF95AA23}"
EndProject
Project("{2150E333-8FDC-42A3-9474-1A3956D46DE8}") = "Solution Items", "Solution Items", "{D4E544AF-F886-4AB0-9BC9-DADA7588A9C5}"
	ProjectSection(SolutionItems) = preProject
		ReadMe.md = ReadMe.md
	EndProjectSection
EndProject
Global
	GlobalSection(SolutionConfigurationPlatforms) = preSolution
		Debug|Any CPU = Debug|Any CPU
		Release|Any CPU = Release|Any CPU
	EndGlobalSection
	GlobalSection(ProjectConfigurationPlatforms) = postSolution
		{6B62F4AE-A7FC-48A3-A418-4F2EC93EEA21}.Debug|Any CPU.ActiveCfg = Debug|Any CPU
		{6B62F4AE-A7FC-48A3-A418-4F2EC93EEA21}.Debug|Any CPU.Build.0 = Debug|Any CPU
		{6B62F4AE-A7FC-48A3-A418-4F2EC93EEA21}.Release|Any CPU.ActiveCfg = Release|Any CPU
		{6B62F4AE-A7FC-48A3-A418-4F2EC93EEA21}.Release|Any CPU.Build.0 = Release|Any CPU
		{C5F99E9E-7678-4AFD-AA1D-CBF8BF95AA23}.Debug|Any CPU.ActiveCfg = Debug|Any CPU
		{C5F99E9E-7678-4AFD-AA1D-CBF8BF95AA23}.Debug|Any CPU.Build.0 = Debug|Any CPU
		{C5F99E9E-7678-4AFD-AA1D-CBF8BF95AA23}.Release|Any CPU.ActiveCfg = Release|Any CPU
		{C5F99E9E-7678-4AFD-AA1D-CBF8BF95AA23}.Release|Any CPU.Build.0 = Release|Any CPU
	EndGlobalSection
	GlobalSection(SolutionProperties) = preSolution
		HideSolutionNode = FALSE
	EndGlobalSection
	GlobalSection(ExtensibilityGlobals) = postSolution
		SolutionGuid = {B22CA278-620C-4066-ADBF-C4DC44081B7D}
	EndGlobalSection
EndGlobal
